
Microsoft Visual Studio Solution File, Format Version 12.00
# Visual Studio 15
VisualStudioVersion = 15.0.28010.2036
MinimumVisualStudioVersion = 10.0.40219.1
Project("{8BC9CEB8-8B4A-11D0-8D11-00A0C91BC942}") = "Cv05.0", "Cv05.0\Cv05.0.vcxproj", "{A086CDE1-034D-4C10-A539-744CD01F7FBE}"
EndProject
Global
	GlobalSection(SolutionConfigurationPlatforms) = preSolution
		Debug|x64 = Debug|x64
		Debug|x86 = Debug|x86
		Release|x64 = Release|x64
		Release|x86 = Release|x86
	EndGlobalSection
	GlobalSection(ProjectConfigurationPlatforms) = postSolution
		{A086CDE1-034D-4C10-A539-744CD01F7FBE}.Debug|x64.ActiveCfg = Debug|x64
		{A086CDE1-034D-4C10-A539-744CD01F7FBE}.Debug|x64.Build.0 = Debug|x64
		{A086CDE1-034D-4C10-A539-744CD01F7FBE}.Debug|x86.ActiveCfg = Debug|Win32
		{A086CDE1-034D-4C10-A539-744CD01F7FBE}.Debug|x86.Build.0 = Debug|Win32
		{A086CDE1-034D-4C10-A539-744CD01F7FBE}.Release|x64.ActiveCfg = Release|x64
		{A086CDE1-034D-4C10-A539-744CD01F7FBE}.Release|x64.Build.0 = Release|x64
		{A086CDE1-034D-4C10-A539-744CD01F7FBE}.Release|x86.ActiveCfg = Release|Win32
		{A086CDE1-034D-4C10-A539-744CD01F7FBE}.Release|x86.Build.0 = Release|Win32
	EndGlobalSection
	GlobalSection(SolutionProperties) = preSolution
		HideSolutionNode = FALSE
	EndGlobalSection
	GlobalSection(ExtensibilityGlobals) = postSolution
		SolutionGuid = {41ECAB0A-AD54-4DBB-8381-A6F24FD4F6F8}
	EndGlobalSection
EndGlobal
